
Microsoft Visual Studio Solution File, Format Version 12.00
# Visual Studio Version 17
VisualStudioVersion = 17.10.34928.147
MinimumVisualStudioVersion = 10.0.40219.1
Project("{FAE04EC0-301F-11D3-BF4B-00C04F79EFBC}") = "FriendlyGeekGameServerManager", "FriendlyGeekGameServerManager\FriendlyGeekGameServerManager.csproj", "{44884362-A8A5-4370-9B76-A0DC6D4860D3}"
EndProject
Project("{FAE04EC0-301F-11D3-BF4B-00C04F79EFBC}") = "NecesseServer", "Plugins\NecesseServer\NecesseServer.csproj", "{BECEA68B-7B34-44D4-B0DF-B37F8F050C84}"
EndProject
Global
	GlobalSection(SolutionConfigurationPlatforms) = preSolution
		Debug|Any CPU = Debug|Any CPU
		Release|Any CPU = Release|Any CPU
	EndGlobalSection
	GlobalSection(ProjectConfigurationPlatforms) = postSolution
		{44884362-A8A5-4370-9B76-A0DC6D4860D3}.Debug|Any CPU.ActiveCfg = Debug|Any CPU
		{44884362-A8A5-4370-9B76-A0DC6D4860D3}.Debug|Any CPU.Build.0 = Debug|Any CPU
		{44884362-A8A5-4370-9B76-A0DC6D4860D3}.Release|Any CPU.ActiveCfg = Release|Any CPU
		{44884362-A8A5-4370-9B76-A0DC6D4860D3}.Release|Any CPU.Build.0 = Release|Any CPU
		{BECEA68B-7B34-44D4-B0DF-B37F8F050C84}.Debug|Any CPU.ActiveCfg = Debug|Any CPU
		{BECEA68B-7B34-44D4-B0DF-B37F8F050C84}.Debug|Any CPU.Build.0 = Debug|Any CPU
		{BECEA68B-7B34-44D4-B0DF-B37F8F050C84}.Release|Any CPU.ActiveCfg = Release|Any CPU
		{BECEA68B-7B34-44D4-B0DF-B37F8F050C84}.Release|Any CPU.Build.0 = Release|Any CPU
	EndGlobalSection
	GlobalSection(SolutionProperties) = preSolution
		HideSolutionNode = FALSE
	EndGlobalSection
	GlobalSection(ExtensibilityGlobals) = postSolution
		SolutionGuid = {E7B31670-7C36-4F77-B7A5-C6C55E8BB39A}
	EndGlobalSection
EndGlobal
